Microsoft Visual Studio Solution File, Format Version 11.00
# Visual Studio 2008

Project("{71A75494-F554-BA90-57EB-9941D86A3117}") = "60415scene", "Assembly-CSharp-firstpass-vs.csproj", "{52FC67D5-7946-8AB1-E066-BD12829C2F95}"
EndProject
Project("{71A75494-F554-BA90-57EB-9941D86A3117}") = "60415scene", "Assembly-CSharp-vs.csproj", "{121C124A-FAA8-F66D-880E-054F3782DD73}"
EndProject
Global
	GlobalSection(SolutionConfigurationPlatforms) = preSolution
		Debug|Any CPU = Debug|Any CPU
		Release|Any CPU = Release|Any CPU
	EndGlobalSection
	GlobalSection(ProjectConfigurationPlatforms) = postSolution
		{52FC67D5-7946-8AB1-E066-BD12829C2F95}.Debug|Any CPU.ActiveCfg = Debug|Any CPU
		{52FC67D5-7946-8AB1-E066-BD12829C2F95}.Debug|Any CPU.Build.0 = Debug|Any CPU
		{52FC67D5-7946-8AB1-E066-BD12829C2F95}.Release|Any CPU.ActiveCfg = Release|Any CPU
		{52FC67D5-7946-8AB1-E066-BD12829C2F95}.Release|Any CPU.Build.0 = Release|Any CPU
		{121C124A-FAA8-F66D-880E-054F3782DD73}.Debug|Any CPU.ActiveCfg = Debug|Any CPU
		{121C124A-FAA8-F66D-880E-054F3782DD73}.Debug|Any CPU.Build.0 = Debug|Any CPU
		{121C124A-FAA8-F66D-880E-054F3782DD73}.Release|Any CPU.ActiveCfg = Release|Any CPU
		{121C124A-FAA8-F66D-880E-054F3782DD73}.Release|Any CPU.Build.0 = Release|Any CPU
	EndGlobalSection
	GlobalSection(SolutionProperties) = preSolution
		HideSolutionNode = FALSE
	EndGlobalSection
																																																GlobalSection(MonoDevelopProperties) = preSolution
		StartupItem = Assembly-CSharp.csproj
		Policies = $0
		$0.TextStylePolicy = $1
		$1.inheritsSet = null
		$1.scope = text/x-csharp
		$0.CSharpFormattingPolicy = $2
		$2.inheritsSet = Mono
		$2.inheritsScope = text/x-csharp
		$2.scope = text/x-csharp
		$0.TextStylePolicy = $3
		$3.FileWidth = 120
		$3.TabWidth = 4
		$3.EolMarker = Unix
		$3.inheritsSet = Mono
		$3.inheritsScope = text/plain
		$3.scope = text/plain
	EndGlobalSection

EndGlobal
